
Microsoft Visual Studio Solution File, Format Version 12.00
# Visual Studio Version 17
VisualStudioVersion = 17.1.32319.34
MinimumVisualStudioVersion = 10.0.40219.1
Project("{2150E333-8FDC-42A3-9474-1A3956D46DE8}") = "src", "src", "{8873D8D3-608C-4A51-8BD3-23DA0D15B323}"
EndProject
Project("{2150E333-8FDC-42A3-9474-1A3956D46DE8}") = "BuildingBlocks", "BuildingBlocks", "{D5EAAAA3-FFD8-4E1A-B74F-6D1FA723DB46}"
EndProject
Project("{2150E333-8FDC-42A3-9474-1A3956D46DE8}") = "Services", "Services", "{B61D2B04-AABF-464B-843F-BE69904EE293}"
EndProject
Project("{2150E333-8FDC-42A3-9474-1A3956D46DE8}") = "Web", "Web", "{E6BCF6FA-B1E5-4743-B1C7-3116FE56C52D}"
EndProject
Project("{2150E333-8FDC-42A3-9474-1A3956D46DE8}") = "Identity", "Identity", "{769FFF69-0541-42AD-8CF2-1B550972DA3D}"
EndProject
Project("{FAE04EC0-301F-11D3-BF4B-00C04F79EFBC}") = "Identity.API", "src\services\Identity.API\Identity.API.csproj", "{DDA4C62A-67C0-473C-8A8A-ED02CA1EC881}"
EndProject
Project("{2150E333-8FDC-42A3-9474-1A3956D46DE8}") = "MVC", "MVC", "{4946CDAB-4782-4669-90FB-793A587555AA}"
EndProject
Project("{FAE04EC0-301F-11D3-BF4B-00C04F79EFBC}") = "WebApp.MVC", "src\web\WebApp.MVC\WebApp.MVC.csproj", "{25B761AA-5899-4F52-80F6-6C501B1FA70A}"
EndProject
Project("{2150E333-8FDC-42A3-9474-1A3956D46DE8}") = "Core", "Core", "{64B27ADB-5209-4743-8997-568E30708E55}"
EndProject
Project("{FAE04EC0-301F-11D3-BF4B-00C04F79EFBC}") = "Core", "src\buildingblocks\Core\Core.csproj", "{52557842-6D8E-4ACD-9C14-8C09FDCB5EE6}"
EndProject
Project("{2150E333-8FDC-42A3-9474-1A3956D46DE8}") = "Cart", "Cart", "{2D7D6721-74D4-49AD-97AF-2275B96F6399}"
EndProject
Project("{2150E333-8FDC-42A3-9474-1A3956D46DE8}") = "Customer", "Customer", "{FC4ED932-AE4C-4EFA-BC6B-08E00AA3A7FA}"
EndProject
Project("{2150E333-8FDC-42A3-9474-1A3956D46DE8}") = "Catalog", "Catalog", "{2BCFD15A-7972-4BA9-BF3F-7BC40D0473EA}"
EndProject
Project("{2150E333-8FDC-42A3-9474-1A3956D46DE8}") = "Payment", "Payment", "{0469CA39-B0C7-4D7A-BE08-44B562F6866D}"
EndProject
Project("{2150E333-8FDC-42A3-9474-1A3956D46DE8}") = "Order", "Order", "{68125802-F394-4D4B-BB0D-0F50A6CA90E9}"
EndProject
Project("{FAE04EC0-301F-11D3-BF4B-00C04F79EFBC}") = "Cart.API", "src\services\Cart.API\Cart.API.csproj", "{B42F804B-8F07-476D-987E-D2E26F1AF34C}"
EndProject
Project("{FAE04EC0-301F-11D3-BF4B-00C04F79EFBC}") = "Catalog.API", "src\services\Catalog.API\Catalog.API.csproj", "{1502DF43-8734-42FB-8B6B-AB085BE843A9}"
EndProject
Project("{FAE04EC0-301F-11D3-BF4B-00C04F79EFBC}") = "Customer.API", "src\services\Customer.API\Customer.API.csproj", "{A91635A4-D2D5-4B3D-9480-5AF09210726D}"
EndProject
Project("{FAE04EC0-301F-11D3-BF4B-00C04F79EFBC}") = "Order.API", "src\services\Order.API\Order.API.csproj", "{CF0CC184-C807-42F1-BFCC-C85E8C2EC6DE}"
EndProject
Project("{FAE04EC0-301F-11D3-BF4B-00C04F79EFBC}") = "Payment.API", "src\services\Payment.API\Payment.API.csproj", "{55437D01-4328-4301-B84E-750EF1DC2140}"
EndProject
Global
	GlobalSection(SolutionConfigurationPlatforms) = preSolution
		Debug|Any CPU = Debug|Any CPU
		Release|Any CPU = Release|Any CPU
	EndGlobalSection
	GlobalSection(ProjectConfigurationPlatforms) = postSolution
		{DDA4C62A-67C0-473C-8A8A-ED02CA1EC881}.Debug|Any CPU.ActiveCfg = Debug|Any CPU
		{DDA4C62A-67C0-473C-8A8A-ED02CA1EC881}.Debug|Any CPU.Build.0 = Debug|Any CPU
		{DDA4C62A-67C0-473C-8A8A-ED02CA1EC881}.Release|Any CPU.ActiveCfg = Release|Any CPU
		{DDA4C62A-67C0-473C-8A8A-ED02CA1EC881}.Release|Any CPU.Build.0 = Release|Any CPU
		{25B761AA-5899-4F52-80F6-6C501B1FA70A}.Debug|Any CPU.ActiveCfg = Debug|Any CPU
		{25B761AA-5899-4F52-80F6-6C501B1FA70A}.Debug|Any CPU.Build.0 = Debug|Any CPU
		{25B761AA-5899-4F52-80F6-6C501B1FA70A}.Release|Any CPU.ActiveCfg = Release|Any CPU
		{25B761AA-5899-4F52-80F6-6C501B1FA70A}.Release|Any CPU.Build.0 = Release|Any CPU
		{52557842-6D8E-4ACD-9C14-8C09FDCB5EE6}.Debug|Any CPU.ActiveCfg = Debug|Any CPU
		{52557842-6D8E-4ACD-9C14-8C09FDCB5EE6}.Debug|Any CPU.Build.0 = Debug|Any CPU
		{52557842-6D8E-4ACD-9C14-8C09FDCB5EE6}.Release|Any CPU.ActiveCfg = Release|Any CPU
		{52557842-6D8E-4ACD-9C14-8C09FDCB5EE6}.Release|Any CPU.Build.0 = Release|Any CPU
		{B42F804B-8F07-476D-987E-D2E26F1AF34C}.Debug|Any CPU.ActiveCfg = Debug|Any CPU
		{B42F804B-8F07-476D-987E-D2E26F1AF34C}.Debug|Any CPU.Build.0 = Debug|Any CPU
		{B42F804B-8F07-476D-987E-D2E26F1AF34C}.Release|Any CPU.ActiveCfg = Release|Any CPU
		{B42F804B-8F07-476D-987E-D2E26F1AF34C}.Release|Any CPU.Build.0 = Release|Any CPU
		{1502DF43-8734-42FB-8B6B-AB085BE843A9}.Debug|Any CPU.ActiveCfg = Debug|Any CPU
		{1502DF43-8734-42FB-8B6B-AB085BE843A9}.Debug|Any CPU.Build.0 = Debug|Any CPU
		{1502DF43-8734-42FB-8B6B-AB085BE843A9}.Release|Any CPU.ActiveCfg = Release|Any CPU
		{1502DF43-8734-42FB-8B6B-AB085BE843A9}.Release|Any CPU.Build.0 = Release|Any CPU
		{A91635A4-D2D5-4B3D-9480-5AF09210726D}.Debug|Any CPU.ActiveCfg = Debug|Any CPU
		{A91635A4-D2D5-4B3D-9480-5AF09210726D}.Debug|Any CPU.Build.0 = Debug|Any CPU
		{A91635A4-D2D5-4B3D-9480-5AF09210726D}.Release|Any CPU.ActiveCfg = Release|Any CPU
		{A91635A4-D2D5-4B3D-9480-5AF09210726D}.Release|Any CPU.Build.0 = Release|Any CPU
		{CF0CC184-C807-42F1-BFCC-C85E8C2EC6DE}.Debug|Any CPU.ActiveCfg = Debug|Any CPU
		{CF0CC184-C807-42F1-BFCC-C85E8C2EC6DE}.Debug|Any CPU.Build.0 = Debug|Any CPU
		{CF0CC184-C807-42F1-BFCC-C85E8C2EC6DE}.Release|Any CPU.ActiveCfg = Release|Any CPU
		{CF0CC184-C807-42F1-BFCC-C85E8C2EC6DE}.Release|Any CPU.Build.0 = Release|Any CPU
		{55437D01-4328-4301-B84E-750EF1DC2140}.Debug|Any CPU.ActiveCfg = Debug|Any CPU
		{55437D01-4328-4301-B84E-750EF1DC2140}.Debug|Any CPU.Build.0 = Debug|Any CPU
		{55437D01-4328-4301-B84E-750EF1DC2140}.Release|Any CPU.ActiveCfg = Release|Any CPU
		{55437D01-4328-4301-B84E-750EF1DC2140}.Release|Any CPU.Build.0 = Release|Any CPU
	EndGlobalSection
	GlobalSection(SolutionProperties) = preSolution
		HideSolutionNode = FALSE
	EndGlobalSection
	GlobalSection(NestedProjects) = preSolution
		{D5EAAAA3-FFD8-4E1A-B74F-6D1FA723DB46} = {8873D8D3-608C-4A51-8BD3-23DA0D15B323}
		{B61D2B04-AABF-464B-843F-BE69904EE293} = {8873D8D3-608C-4A51-8BD3-23DA0D15B323}
		{E6BCF6FA-B1E5-4743-B1C7-3116FE56C52D} = {8873D8D3-608C-4A51-8BD3-23DA0D15B323}
		{769FFF69-0541-42AD-8CF2-1B550972DA3D} = {B61D2B04-AABF-464B-843F-BE69904EE293}
		{DDA4C62A-67C0-473C-8A8A-ED02CA1EC881} = {769FFF69-0541-42AD-8CF2-1B550972DA3D}
		{4946CDAB-4782-4669-90FB-793A587555AA} = {E6BCF6FA-B1E5-4743-B1C7-3116FE56C52D}
		{25B761AA-5899-4F52-80F6-6C501B1FA70A} = {4946CDAB-4782-4669-90FB-793A587555AA}
		{64B27ADB-5209-4743-8997-568E30708E55} = {D5EAAAA3-FFD8-4E1A-B74F-6D1FA723DB46}
		{52557842-6D8E-4ACD-9C14-8C09FDCB5EE6} = {64B27ADB-5209-4743-8997-568E30708E55}
		{2D7D6721-74D4-49AD-97AF-2275B96F6399} = {B61D2B04-AABF-464B-843F-BE69904EE293}
		{FC4ED932-AE4C-4EFA-BC6B-08E00AA3A7FA} = {B61D2B04-AABF-464B-843F-BE69904EE293}
		{2BCFD15A-7972-4BA9-BF3F-7BC40D0473EA} = {B61D2B04-AABF-464B-843F-BE69904EE293}
		{0469CA39-B0C7-4D7A-BE08-44B562F6866D} = {B61D2B04-AABF-464B-843F-BE69904EE293}
		{68125802-F394-4D4B-BB0D-0F50A6CA90E9} = {B61D2B04-AABF-464B-843F-BE69904EE293}
		{B42F804B-8F07-476D-987E-D2E26F1AF34C} = {2D7D6721-74D4-49AD-97AF-2275B96F6399}
		{1502DF43-8734-42FB-8B6B-AB085BE843A9} = {2BCFD15A-7972-4BA9-BF3F-7BC40D0473EA}
		{A91635A4-D2D5-4B3D-9480-5AF09210726D} = {FC4ED932-AE4C-4EFA-BC6B-08E00AA3A7FA}
		{CF0CC184-C807-42F1-BFCC-C85E8C2EC6DE} = {68125802-F394-4D4B-BB0D-0F50A6CA90E9}
		{55437D01-4328-4301-B84E-750EF1DC2140} = {0469CA39-B0C7-4D7A-BE08-44B562F6866D}
	EndGlobalSection
	GlobalSection(ExtensibilityGlobals) = postSolution
		SolutionGuid = {45F5368B-ECB1-47C8-9E9B-49AA22300FE1}
	EndGlobalSection
EndGlobal
